
Microsoft Visual Studio Solution File, Format Version 12.00
# Visual Studio Version 16
VisualStudioVersion = 16.0.29920.165
MinimumVisualStudioVersion = 10.0.40219.1
Project("{FAE04EC0-301F-11D3-BF4B-00C04F79EFBC}") = "KolokwiumProbne", "KolokwiumProbne\KolokwiumProbne.csproj", "{C036F4B5-2180-4ADB-A1FF-FDAC35590DBE}"
EndProject
Global
	GlobalSection(SolutionConfigurationPlatforms) = preSolution
		Debug|Any CPU = Debug|Any CPU
		Release|Any CPU = Release|Any CPU
	EndGlobalSection
	GlobalSection(ProjectConfigurationPlatforms) = postSolution
		{C036F4B5-2180-4ADB-A1FF-FDAC35590DBE}.Debug|Any CPU.ActiveCfg = Debug|Any CPU
		{C036F4B5-2180-4ADB-A1FF-FDAC35590DBE}.Debug|Any CPU.Build.0 = Debug|Any CPU
		{C036F4B5-2180-4ADB-A1FF-FDAC35590DBE}.Release|Any CPU.ActiveCfg = Release|Any CPU
		{C036F4B5-2180-4ADB-A1FF-FDAC35590DBE}.Release|Any CPU.Build.0 = Release|Any CPU
	EndGlobalSection
	GlobalSection(SolutionProperties) = preSolution
		HideSolutionNode = FALSE
	EndGlobalSection
	GlobalSection(ExtensibilityGlobals) = postSolution
		SolutionGuid = {13E31792-A607-48E5-A0F3-61491D588E0D}
	EndGlobalSection
EndGlobal
